# This file is autogenerated, do not edit; changes may be undone by the next 'dep ensure'.


[[projects]]
  digest = "1:078a53d42fc28b7fa435b8c8ff876226a7bc61434ca0f1182c3e1a4a7d15d114"
  name = "github.com/douglasmg7/aldoutil"
  packages = ["."]
  pruneopts = "UT"
  revision = "b3390026860e568d67d713b8061de6e13fd9f506"
  version = "v0.4.2"

[[projects]]
  digest = "1:f316c463622cf004e0dc736cc373a571dae2474b5df79e41260f7e00985d7d61"
  name = "github.com/douglasmg7/currency"
  packages = ["."]
  pruneopts = "UT"
  revision = "cc0dd53259a78351c5ddfa60fc4d09de1c62e0bb"
  version = "v0.1.0"

[[projects]]
  digest = "1:6c41d4f998a03b6604227ccad36edaed6126c397e5d78709ef4814a1145a6757"
  name = "github.com/jmoiron/sqlx"
  packages = [
    ".",
    "reflectx",
  ]
  pruneopts = "UT"
  revision = "d161d7a76b5661016ad0b085869f77fd410f3e6a"
  version = "v1.2.0"

[[projects]]
  digest = "1:f4d329a16a6f1a7f694148ec7531f85d62cfa6a79bb8200ca612667e40d09923"
  name = "github.com/mattn/go-sqlite3"
  packages = ["."]
  pruneopts = "UT"
  revision = "590d44c02bca83987d23f6eab75e6d0ddf95f644"
  version = "v1.13.0"

[solve-meta]
  analyzer-name = "dep"
  analyzer-version = 1
  input-imports = [
    "github.com/douglasmg7/aldoutil",
    "github.com/douglasmg7/currency",
    "github.com/jmoiron/sqlx",
    "github.com/mattn/go-sqlite3",
  ]
  solver-name = "gps-cdcl"
  solver-version = 1
