# This file is autogenerated, do not edit; changes may be undone by the next 'dep ensure'.


[[projects]]
  digest = "1:020b04b109ef05f68ea6637a71b1217891f2cdc60a87b6bfad190d1494a6ff56"
  name = "github.com/douglasmg7/aldoutil"
  packages = ["."]
  pruneopts = "UT"
  revision = "b76a129041a27e09e481bc3df1818dab73c76696"
  version = "v0.3.0"

[[projects]]
  branch = "master"
  digest = "1:b13fc569a6298f4c09a91707c30e0398bf336362ce355782700daae72c036eeb"
  name = "github.com/douglasmg7/currency"
  packages = ["."]
  pruneopts = "UT"
  revision = "f372ba5a7db608d7b1e929d11e2081b01fac7bd2"

[[projects]]
  digest = "1:6c41d4f998a03b6604227ccad36edaed6126c397e5d78709ef4814a1145a6757"
  name = "github.com/jmoiron/sqlx"
  packages = [
    ".",
    "reflectx",
  ]
  pruneopts = "UT"
  revision = "d161d7a76b5661016ad0b085869f77fd410f3e6a"
  version = "v1.2.0"

[[projects]]
  digest = "1:f4d329a16a6f1a7f694148ec7531f85d62cfa6a79bb8200ca612667e40d09923"
  name = "github.com/mattn/go-sqlite3"
  packages = ["."]
  pruneopts = "UT"
  revision = "590d44c02bca83987d23f6eab75e6d0ddf95f644"
  version = "v1.13.0"

[[projects]]
  branch = "master"
  digest = "1:e18aa5dcd958515838eca1c07d25e298b8450022c6efd99d04d614b32f0318e3"
  name = "golang.org/x/net"
  packages = [
    "html",
    "html/atom",
    "html/charset",
  ]
  pruneopts = "UT"
  revision = "ffdde105785063a81acd95bdf89ea53f6e0aac2d"

[[projects]]
  digest = "1:8a0baffd5559acaa560f854d7d525c02f4fec2d4f8a214398556fb661a10f6e0"
  name = "golang.org/x/text"
  packages = [
    "encoding",
    "encoding/charmap",
    "encoding/htmlindex",
    "encoding/internal",
    "encoding/internal/identifier",
    "encoding/japanese",
    "encoding/korean",
    "encoding/simplifiedchinese",
    "encoding/traditionalchinese",
    "encoding/unicode",
    "internal/gen",
    "internal/language",
    "internal/language/compact",
    "internal/tag",
    "internal/utf8internal",
    "language",
    "runes",
    "transform",
    "unicode/cldr",
  ]
  pruneopts = "UT"
  revision = "342b2e1fbaa52c93f31447ad2c6abc048c63e475"
  version = "v0.3.2"

[solve-meta]
  analyzer-name = "dep"
  analyzer-version = 1
  input-imports = [
    "github.com/douglasmg7/aldoutil",
    "github.com/douglasmg7/currency",
    "github.com/jmoiron/sqlx",
    "github.com/mattn/go-sqlite3",
    "golang.org/x/net/html/charset",
  ]
  solver-name = "gps-cdcl"
  solver-version = 1
